
Microsoft Visual Studio Solution File, Format Version 12.00
# Visual Studio Version 17
VisualStudioVersion = 17.11.35327.3
MinimumVisualStudioVersion = 10.0.40219.1
Project("{FAE04EC0-301F-11D3-BF4B-00C04F79EFBC}") = "Produto", "Produto.csproj", "{EB344413-44EC-4040-B62B-10756604DBDA}"
EndProject
Global
	GlobalSection(SolutionConfigurationPlatforms) = preSolution
		Debug|Any CPU = Debug|Any CPU
		Release|Any CPU = Release|Any CPU
	EndGlobalSection
	GlobalSection(ProjectConfigurationPlatforms) = postSolution
		{EB344413-44EC-4040-B62B-10756604DBDA}.Debug|Any CPU.ActiveCfg = Debug|Any CPU
		{EB344413-44EC-4040-B62B-10756604DBDA}.Debug|Any CPU.Build.0 = Debug|Any CPU
		{EB344413-44EC-4040-B62B-10756604DBDA}.Release|Any CPU.ActiveCfg = Release|Any CPU
		{EB344413-44EC-4040-B62B-10756604DBDA}.Release|Any CPU.Build.0 = Release|Any CPU
	EndGlobalSection
	GlobalSection(SolutionProperties) = preSolution
		HideSolutionNode = FALSE
	EndGlobalSection
	GlobalSection(ExtensibilityGlobals) = postSolution
		SolutionGuid = {041BEA78-BDB6-4107-AB06-4B87E64252DA}
	EndGlobalSection
EndGlobal
