
Microsoft Visual Studio Solution File, Format Version 12.00
# Visual Studio Version 17
VisualStudioVersion = 17.11.35327.3
MinimumVisualStudioVersion = 10.0.40219.1
Project("{FAE04EC0-301F-11D3-BF4B-00C04F79EFBC}") = "SistemaPI", "SistemaPI.csproj", "{F9EB729B-DB50-45D4-B725-AACCE5BA28F9}"
EndProject
Global
	GlobalSection(SolutionConfigurationPlatforms) = preSolution
		Debug|Any CPU = Debug|Any CPU
		Release|Any CPU = Release|Any CPU
	EndGlobalSection
	GlobalSection(ProjectConfigurationPlatforms) = postSolution
		{F9EB729B-DB50-45D4-B725-AACCE5BA28F9}.Debug|Any CPU.ActiveCfg = Debug|Any CPU
		{F9EB729B-DB50-45D4-B725-AACCE5BA28F9}.Debug|Any CPU.Build.0 = Debug|Any CPU
		{F9EB729B-DB50-45D4-B725-AACCE5BA28F9}.Release|Any CPU.ActiveCfg = Release|Any CPU
		{F9EB729B-DB50-45D4-B725-AACCE5BA28F9}.Release|Any CPU.Build.0 = Release|Any CPU
	EndGlobalSection
	GlobalSection(SolutionProperties) = preSolution
		HideSolutionNode = FALSE
	EndGlobalSection
	GlobalSection(ExtensibilityGlobals) = postSolution
		SolutionGuid = {93528B64-E01B-4EA4-9136-65D3DB47EBAD}
	EndGlobalSection
EndGlobal
